// !$*UTF8*$!
{
	archiveVersion = 1;
	classes = {
	};
	objectVersion = 46;
	objects = {

/* Begin PBXBuildFile section */
		2445C7071CCB783B000906D5 /* AppDelegate.swift in Sources */ = {isa = PBXBuildFile; fileRef = 2445C7061CCB783B000906D5 /* AppDelegate.swift */; };
		2445C7091CCB783B000906D5 /* ViewController.swift in Sources */ = {isa = PBXBuildFile; fileRef = 2445C7081CCB783B000906D5 /* ViewController.swift */; };
		2445C70C1CCB783B000906D5 /* Main.storyboard in Resources */ = {isa = PBXBuildFile; fileRef = 2445C70A1CCB783B000906D5 /* Main.storyboard */; };
		2445C70E1CCB783B000906D5 /* Assets.xcassets in Resources */ = {isa = PBXBuildFile; fileRef = 2445C70D1CCB783B000906D5 /* Assets.xcassets */; };
		2445C7111CCB783B000906D5 /* LaunchScreen.storyboard in Resources */ = {isa = PBXBuildFile; fileRef = 2445C70F1CCB783B000906D5 /* LaunchScreen.storyboard */; };
		2445C71C1CCB783C000906D5 /* HCXYXBookTests.swift in Sources */ = {isa = PBXBuildFile; fileRef = 2445C71B1CCB783C000906D5 /* HCXYXBookTests.swift */; };
		2445C7271CCB783C000906D5 /* HCXYXBookUITests.swift in Sources */ = {isa = PBXBuildFile; fileRef = 2445C7261CCB783C000906D5 /* HCXYXBookUITests.swift */; };
/* End PBXBuildFile section */

/* Begin PBXContainerItemProxy section */
		2445C7181CCB783C000906D5 /* PBXContainerItemProxy */ = {
			isa = PBXContainerItemProxy;
			containerPortal = 2445C6FB1CCB783B000906D5 /* Project object */;
			proxyType = 1;
			remoteGlobalIDString = 2445C7021CCB783B000906D5;
			remoteInfo = HCXYXBook;
		};
		2445C7231CCB783C000906D5 /* PBXContainerItemProxy */ = {
			isa = PBXContainerItemProxy;
			containerPortal = 2445C6FB1CCB783B000906D5 /* Project object */;
			proxyType = 1;
			remoteGlobalIDString = 2445C7021CCB783B000906D5;
			remoteInfo = HCXYXBook;
		};
/* End PBXContainerItemProxy section */

/* Begin PBXFileReference section */
		2445C7031CCB783B000906D5 /* HCXYXBook.app */ = {isa = PBXFileReference; explicitFileType = wrapper.application; includeInIndex = 0; path = HCXYXBook.app; sourceTree = BUILT_PRODUCTS_DIR; };
		2445C7061CCB783B000906D5 /* AppDelegate.swift */ = {isa = PBXFileReference; lastKnownFileType = sourcecode.swift; path = AppDelegate.swift; sourceTree = "<group>"; };
		2445C7081CCB783B000906D5 /* ViewController.swift */ = {isa = PBXFileReference; lastKnownFileType = sourcecode.swift; path = ViewController.swift; sourceTree = "<group>"; };
		2445C70B1CCB783B000906D5 /* Base */ = {isa = PBXFileReference; lastKnownFileType = file.storyboard; name = Base; path = Base.lproj/Main.storyboard; sourceTree = "<group>"; };
		2445C70D1CCB783B000906D5 /* Assets.xcassets */ = {isa = PBXFileReference; lastKnownFileType = folder.assetcatalog; path = Assets.xcassets; sourceTree = "<group>"; };
		2445C7101CCB783B000906D5 /* Base */ = {isa = PBXFileReference; lastKnownFileType = file.storyboard; name = Base; path = Base.lproj/LaunchScreen.storyboard; sourceTree = "<group>"; };
		2445C7121CCB783B000906D5 /* Info.plist */ = {isa = PBXFileReference; lastKnownFileType = text.plist.xml; path = Info.plist; sourceTree = "<group>"; };
		2445C7171CCB783C000906D5 /* HCXYXBookTests.xctest */ = {isa = PBXFileReference; explicitFileType = wrapper.cfbundle; includeInIndex = 0; path = HCXYXBookTests.xctest; sourceTree = BUILT_PRODUCTS_DIR; };
		2445C71B1CCB783C000906D5 /* HCXYXBookTests.swift */ = {isa = PBXFileReference; lastKnownFileType = sourcecode.swift; path = HCXYXBookTests.swift; sourceTree = "<group>"; };
		2445C71D1CCB783C000906D5 /* Info.plist */ = {isa = PBXFileReference; lastKnownFileType = text.plist.xml; path = Info.plist; sourceTree = "<group>"; };
		2445C7221CCB783C000906D5 /* HCXYXBookUITests.xctest */ = {isa = PBXFileReference; explicitFileType = wrapper.cfbundle; includeInIndex = 0; path = HCXYXBookUITests.xctest; sourceTree = BUILT_PRODUCTS_DIR; };
		2445C7261CCB783C000906D5 /* HCXYXBookUITests.swift */ = {isa = PBXFileReference; lastKnownFileType = sourcecode.swift; path = HCXYXBookUITests.swift; sourceTree = "<group>"; };
		2445C7281CCB783C000906D5 /* Info.plist */ = {isa = PBXFileReference; lastKnownFileType = text.plist.xml; path = Info.plist; sourceTree = "<group>"; };
/* End PBXFileReference section */

/* Begin PBXFrameworksBuildPhase section */
		2445C7001CCB783B000906D5 /* Frameworks */ = {
			isa = PBXFrameworksBuildPhase;
			buildActionMask = 2147483647;
			files = (
			);
			runOnlyForDeploymentPostprocessing = 0;
		};
		2445C7141CCB783C000906D5 /* Frameworks */ = {
			isa = PBXFrameworksBuildPhase;
			buildActionMask = 2147483647;
			files = (
			);
			runOnlyForDeploymentPostprocessing = 0;
		};
		2445C71F1CCB783C000906D5 /* Frameworks */ = {
			isa = PBXFrameworksBuildPhase;
			buildActionMask = 2147483647;
			files = (
			);
			runOnlyForDeploymentPostprocessing = 0;
		};
/* End PBXFrameworksBuildPhase section */

/* Begin PBXGroup section */
		2445C6FA1CCB783B000906D5 = {
			isa = PBXGroup;
			children = (
				2445C7051CCB783B000906D5 /* HCXYXBook */,
				2445C71A1CCB783C000906D5 /* HCXYXBookTests */,
				2445C7251CCB783C000906D5 /* HCXYXBookUITests */,
				2445C7041CCB783B000906D5 /* Products */,
			);
			sourceTree = "<group>";
		};
		2445C7041CCB783B000906D5 /* Products */ = {
			isa = PBXGroup;
			children = (
				2445C7031CCB783B000906D5 /* HCXYXBook.app */,
				2445C7171CCB783C000906D5 /* HCXYXBookTests.xctest */,
				2445C7221CCB783C000906D5 /* HCXYXBookUITests.xctest */,
			);
			name = Products;
			sourceTree = "<group>";
		};
		2445C7051CCB783B000906D5 /* HCXYXBook */ = {
			isa = PBXGroup;
			children = (
				2445C7061CCB783B000906D5 /* AppDelegate.swift */,
				2445C7081CCB783B000906D5 /* ViewController.swift */,
				2445C70A1CCB783B000906D5 /* Main.storyboard */,
				2445C70D1CCB783B000906D5 /* Assets.xcassets */,
				2445C70F1CCB783B000906D5 /* LaunchScreen.storyboard */,
				2445C7121CCB783B000906D5 /* Info.plist */,
			);
			path = HCXYXBook;
			sourceTree = "<group>";
		};
		2445C71A1CCB783C000906D5 /* HCXYXBookTests */ = {
			isa = PBXGroup;
			children = (
				2445C71B1CCB783C000906D5 /* HCXYXBookTests.swift */,
				2445C71D1CCB783C000906D5 /* Info.plist */,
			);
			path = HCXYXBookTests;
			sourceTree = "<group>";
		};
		2445C7251CCB783C000906D5 /* HCXYXBookUITests */ = {
			isa = PBXGroup;
			children = (
				2445C7261CCB783C000906D5 /* HCXYXBookUITests.swift */,
				2445C7281CCB783C000906D5 /* Info.plist */,
			);
			path = HCXYXBookUITests;
			sourceTree = "<group>";
		};
/* End PBXGroup section */

/* Begin PBXNativeTarget section */
		2445C7021CCB783B000906D5 /* HCXYXBook */ = {
			isa = PBXNativeTarget;
			buildConfigurationList = 2445C72B1CCB783C000906D5 /* Build configuration list for PBXNativeTarget "HCXYXBook" */;
			buildPhases = (
				2445C6FF1CCB783B000906D5 /* Sources */,
				2445C7001CCB783B000906D5 /* Frameworks */,
				2445C7011CCB783B000906D5 /* Resources */,
			);
			buildRules = (
			);
			dependencies = (
			);
			name = HCXYXBook;
			productName = HCXYXBook;
			productReference = 2445C7031CCB783B000906D5 /* HCXYXBook.app */;
			productType = "com.apple.product-type.application";
		};
		2445C7161CCB783C000906D5 /* HCXYXBookTests */ = {
			isa = PBXNativeTarget;
			buildConfigurationList = 2445C72E1CCB783C000906D5 /* Build configuration list for PBXNativeTarget "HCXYXBookTests" */;
			buildPhases = (
				2445C7131CCB783C000906D5 /* Sources */,
				2445C7141CCB783C000906D5 /* Frameworks */,
				2445C7151CCB783C000906D5 /* Resources */,
			);
			buildRules = (
			);
			dependencies = (
				2445C7191CCB783C000906D5 /* PBXTargetDependency */,
			);
			name = HCXYXBookTests;
			productName = HCXYXBookTests;
			productReference = 2445C7171CCB783C000906D5 /* HCXYXBookTests.xctest */;
			productType = "com.apple.product-type.bundle.unit-test";
		};
		2445C7211CCB783C000906D5 /* HCXYXBookUITests */ = {
			isa = PBXNativeTarget;
			buildConfigurationList = 2445C7311CCB783C000906D5 /* Build configuration list for PBXNativeTarget "HCXYXBookUITests" */;
			buildPhases = (
				2445C71E1CCB783C000906D5 /* Sources */,
				2445C71F1CCB783C000906D5 /* Frameworks */,
				2445C7201CCB783C000906D5 /* Resources */,
			);
			buildRules = (
			);
			dependencies = (
				2445C7241CCB783C000906D5 /* PBXTargetDependency */,
			);
			name = HCXYXBookUITests;
			productName = HCXYXBookUITests;
			productReference = 2445C7221CCB783C000906D5 /* HCXYXBookUITests.xctest */;
			productType = "com.apple.product-type.bundle.ui-testing";
		};
/* End PBXNativeTarget section */

/* Begin PBXProject section */
		2445C6FB1CCB783B000906D5 /* Project object */ = {
			isa = PBXProject;
			attributes = {
				LastSwiftUpdateCheck = 0730;
				LastUpgradeCheck = 0730;
				ORGANIZATIONNAME = sawyerhuang;
				TargetAttributes = {
					2445C7021CCB783B000906D5 = {
						CreatedOnToolsVersion = 7.3;
					};
					2445C7161CCB783C000906D5 = {
						CreatedOnToolsVersion = 7.3;
						TestTargetID = 2445C7021CCB783B000906D5;
					};
					2445C7211CCB783C000906D5 = {
						CreatedOnToolsVersion = 7.3;
						TestTargetID = 2445C7021CCB783B000906D5;
					};
				};
			};
			buildConfigurationList = 2445C6FE1CCB783B000906D5 /* Build configuration list for PBXProject "HCXYXBook" */;
			compatibilityVersion = "Xcode 3.2";
			developmentRegion = English;
			hasScannedForEncodings = 0;
			knownRegions = (
				en,
				Base,
			);
			mainGroup = 2445C6FA1CCB783B000906D5;
			productRefGroup = 2445C7041CCB783B000906D5 /* Products */;
			projectDirPath = "";
			projectRoot = "";
			targets = (
				2445C7021CCB783B000906D5 /* HCXYXBook */,
				2445C7161CCB783C000906D5 /* HCXYXBookTests */,
				2445C7211CCB783C000906D5 /* HCXYXBookUITests */,
			);
		};
/* End PBXProject section */

/* Begin PBXResourcesBuildPhase section */
		2445C7011CCB783B000906D5 /* Resources */ = {
			isa = PBXResourcesBuildPhase;
			buildActionMask = 2147483647;
			files = (
				2445C7111CCB783B000906D5 /* LaunchScreen.storyboard in Resources */,
				2445C70E1CCB783B000906D5 /* Assets.xcassets in Resources */,
				2445C70C1CCB783B000906D5 /* Main.storyboard in Resources */,
			);
			runOnlyForDeploymentPostprocessing = 0;
		};
		2445C7151CCB783C000906D5 /* Resources */ = {
			isa = PBXResourcesBuildPhase;
			buildActionMask = 2147483647;
			files = (
			);
			runOnlyForDeploymentPostprocessing = 0;
		};
		2445C7201CCB783C000906D5 /* Resources */ = {
			isa = PBXResourcesBuildPhase;
			buildActionMask = 2147483647;
			files = (
			);
			runOnlyForDeploymentPostprocessing = 0;
		};
/* End PBXResourcesBuildPhase section */

/* Begin PBXSourcesBuildPhase section */
		2445C6FF1CCB783B000906D5 /* Sources */ = {
			isa = PBXSourcesBuildPhase;
			buildActionMask = 2147483647;
			files = (
				2445C7091CCB783B000906D5 /* ViewController.swift in Sources */,
				2445C7071CCB783B000906D5 /* AppDelegate.swift in Sources */,
			);
			runOnlyForDeploymentPostprocessing = 0;
		};
		2445C7131CCB783C000906D5 /* Sources */ = {
			isa = PBXSourcesBuildPhase;
			buildActionMask = 2147483647;
			files = (
				2445C71C1CCB783C000906D5 /* HCXYXBookTests.swift in Sources */,
			);
			runOnlyForDeploymentPostprocessing = 0;
		};
		2445C71E1CCB783C000906D5 /* Sources */ = {
			isa = PBXSourcesBuildPhase;
			buildActionMask = 2147483647;
			files = (
				2445C7271CCB783C000906D5 /* HCXYXBookUITests.swift in Sources */,
			);
			runOnlyForDeploymentPostprocessing = 0;
		};
/* End PBXSourcesBuildPhase section */

/* Begin PBXTargetDependency section */
		2445C7191CCB783C000906D5 /* PBXTargetDependency */ = {
			isa = PBXTargetDependency;
			target = 2445C7021CCB783B000906D5 /* HCXYXBook */;
			targetProxy = 2445C7181CCB783C000906D5 /* PBXContainerItemProxy */;
		};
		2445C7241CCB783C000906D5 /* PBXTargetDependency */ = {
			isa = PBXTargetDependency;
			target = 2445C7021CCB783B000906D5 /* HCXYXBook */;
			targetProxy = 2445C7231CCB783C000906D5 /* PBXContainerItemProxy */;
		};
/* End PBXTargetDependency section */

/* Begin PBXVariantGroup section */
		2445C70A1CCB783B000906D5 /* Main.storyboard */ = {
			isa = PBXVariantGroup;
			children = (
				2445C70B1CCB783B000906D5 /* Base */,
			);
			name = Main.storyboard;
			sourceTree = "<group>";
		};
		2445C70F1CCB783B000906D5 /* LaunchScreen.storyboard */ = {
			isa = PBXVariantGroup;
			children = (
				2445C7101CCB783B000906D5 /* Base */,
			);
			name = LaunchScreen.storyboard;
			sourceTree = "<group>";
		};
/* End PBXVariantGroup section */

/* Begin XCBuildConfiguration section */
		2445C7291CCB783C000906D5 /* Debug */ = {
			isa = XCBuildConfiguration;
			buildSettings = {
				ALWAYS_SEARCH_USER_PATHS = NO;
				CLANG_ANALYZER_NONNULL = YES;
				CLANG_CXX_LANGUAGE_STANDARD = "gnu++0x";
				CLANG_CXX_LIBRARY = "libc++";
				CLANG_ENABLE_MODULES = YES;
				CLANG_ENABLE_OBJC_ARC = YES;
				CLANG_WARN_BOOL_CONVERSION = YES;
				CLANG_WARN_CONSTANT_CONVERSION = YES;
				CLANG_WARN_DIRECT_OBJC_ISA_USAGE = YES_ERROR;
				CLANG_WARN_EMPTY_BODY = YES;
				CLANG_WARN_ENUM_CONVERSION = YES;
				CLANG_WARN_INT_CONVERSION = YES;
				CLANG_WARN_OBJC_ROOT_CLASS = YES_ERROR;
				CLANG_WARN_UNREACHABLE_CODE = YES;
				CLANG_WARN__DUPLICATE_METHOD_MATCH = YES;
				"CODE_SIGN_IDENTITY[sdk=iphoneos*]" = "iPhone Developer";
				COPY_PHASE_STRIP = NO;
				DEBUG_INFORMATION_FORMAT = dwarf;
				ENABLE_STRICT_OBJC_MSGSEND = YES;
				ENABLE_TESTABILITY = YES;
				GCC_C_LANGUAGE_STANDARD = gnu99;
				GCC_DYNAMIC_NO_PIC = NO;
				GCC_NO_COMMON_BLOCKS = YES;
				GCC_OPTIMIZATION_LEVEL = 0;
				GCC_PREPROCESSOR_DEFINITIONS = (
					"DEBUG=1",
					"$(inherited)",
				);
				GCC_WARN_64_TO_32_BIT_CONVERSION = YES;
				GCC_WARN_ABOUT_RETURN_TYPE = YES_ERROR;
				GCC_WARN_UNDECLARED_SELECTOR = YES;
				GCC_WARN_UNINITIALIZED_AUTOS = YES_AGGRESSIVE;
				GCC_WARN_UNUSED_FUNCTION = YES;
				GCC_WARN_UNUSED_VARIABLE = YES;
				IPHONEOS_DEPLOYMENT_TARGET = 9.3;
				MTL_ENABLE_DEBUG_INFO = YES;
				ONLY_ACTIVE_ARCH = YES;
				SDKROOT = iphoneos;
				SWIFT_OPTIMIZATION_LEVEL = "-Onone";
				TARGETED_DEVICE_FAMILY = "1,2";
			};
			name = Debug;
		};
		2445C72A1CCB783C000906D5 /* Release */ = {
			isa = XCBuildConfiguration;
			buildSettings = {
				ALWAYS_SEARCH_USER_PATHS = NO;
				CLANG_ANALYZER_NONNULL = YES;
				CLANG_CXX_LANGUAGE_STANDARD = "gnu++0x";
				CLANG_CXX_LIBRARY = "libc++";
				CLANG_ENABLE_MODULES = YES;
				CLANG_ENABLE_OBJC_ARC = YES;
				CLANG_WARN_BOOL_CONVERSION = YES;
				CLANG_WARN_CONSTANT_CONVERSION = YES;
				CLANG_WARN_DIRECT_OBJC_ISA_USAGE = YES_ERROR;
				CLANG_WARN_EMPTY_BODY = YES;
				CLANG_WARN_ENUM_CONVERSION = YES;
				CLANG_WARN_INT_CONVERSION = YES;
				CLANG_WARN_OBJC_ROOT_CLASS = YES_ERROR;
				CLANG_WARN_UNREACHABLE_CODE = YES;
				CLANG_WARN__DUPLICATE_METHOD_MATCH = YES;
				"CODE_SIGN_IDENTITY[sdk=iphoneos*]" = "iPhone Developer";
				COPY_PHASE_STRIP = NO;
				DEBUG_INFORMATION_FORMAT = "dwarf-with-dsym";
				ENABLE_NS_ASSERTIONS = NO;
				ENABLE_STRICT_OBJC_MSGSEND = YES;
				GCC_C_LANGUAGE_STANDARD = gnu99;
				GCC_NO_COMMON_BLOCKS = YES;
				GCC_WARN_64_TO_32_BIT_CONVERSION = YES;
				GCC_WARN_ABOUT_RETURN_TYPE = YES_ERROR;
				GCC_WARN_UNDECLARED_SELECTOR = YES;
				GCC_WARN_UNINITIALIZED_AUTOS = YES_AGGRESSIVE;
				GCC_WARN_UNUSED_FUNCTION = YES;
				GCC_WARN_UNUSED_VARIABLE = YES;
				IPHONEOS_DEPLOYMENT_TARGET = 9.3;
				MTL_ENABLE_DEBUG_INFO = NO;
				SDKROOT = iphoneos;
				TARGETED_DEVICE_FAMILY = "1,2";
				VALIDATE_PRODUCT = YES;
			};
			name = Release;
		};
		2445C72C1CCB783C000906D5 /* Debug */ = {
			isa = XCBuildConfiguration;
			buildSettings = {
				ASSETCATALOG_COMPILER_APPICON_NAME = AppIcon;
				INFOPLIST_FILE = HCXYXBook/Info.plist;
				LD_RUNPATH_SEARCH_PATHS = "$(inherited) @executable_path/Frameworks";
				PRODUCT_BUNDLE_IDENTIFIER = com.ioslearning.swift.HCXYXBook;
				PRODUCT_NAME = "$(TARGET_NAME)";
			};
			name = Debug;
		};
		2445C72D1CCB783C000906D5 /* Release */ = {
			isa = XCBuildConfiguration;
			buildSettings = {
				ASSETCATALOG_COMPILER_APPICON_NAME = AppIcon;
				INFOPLIST_FILE = HCXYXBook/Info.plist;
				LD_RUNPATH_SEARCH_PATHS = "$(inherited) @executable_path/Frameworks";
				PRODUCT_BUNDLE_IDENTIFIER = com.ioslearning.swift.HCXYXBook;
				PRODUCT_NAME = "$(TARGET_NAME)";
			};
			name = Release;
		};
		2445C72F1CCB783C000906D5 /* Debug */ = {
			isa = XCBuildConfiguration;
			buildSettings = {
				BUNDLE_LOADER = "$(TEST_HOST)";
				INFOPLIST_FILE = HCXYXBookTests/Info.plist;
				LD_RUNPATH_SEARCH_PATHS = "$(inherited) @executable_path/Frameworks @loader_path/Frameworks";
				PRODUCT_BUNDLE_IDENTIFIER = com.ioslearning.swift.HCXYXBookTests;
				PRODUCT_NAME = "$(TARGET_NAME)";
				TEST_HOST = "$(BUILT_PRODUCTS_DIR)/HCXYXBook.app/HCXYXBook";
			};
			name = Debug;
		};
		2445C7301CCB783C000906D5 /* Release */ = {
			isa = XCBuildConfiguration;
			buildSettings = {
				BUNDLE_LOADER = "$(TEST_HOST)";
				INFOPLIST_FILE = HCXYXBookTests/Info.plist;
				LD_RUNPATH_SEARCH_PATHS = "$(inherited) @executable_path/Frameworks @loader_path/Frameworks";
				PRODUCT_BUNDLE_IDENTIFIER = com.ioslearning.swift.HCXYXBookTests;
				PRODUCT_NAME = "$(TARGET_NAME)";
				TEST_HOST = "$(BUILT_PRODUCTS_DIR)/HCXYXBook.app/HCXYXBook";
			};
			name = Release;
		};
		2445C7321CCB783C000906D5 /* Debug */ = {
			isa = XCBuildConfiguration;
			buildSettings = {
				INFOPLIST_FILE = HCXYXBookUITests/Info.plist;
				LD_RUNPATH_SEARCH_PATHS = "$(inherited) @executable_path/Frameworks @loader_path/Frameworks";
				PRODUCT_BUNDLE_IDENTIFIER = com.ioslearning.swift.HCXYXBookUITests;
				PRODUCT_NAME = "$(TARGET_NAME)";
				TEST_TARGET_NAME = HCXYXBook;
			};
			name = Debug;
		};
		2445C7331CCB783C000906D5 /* Release */ = {
			isa = XCBuildConfiguration;
			buildSettings = {
				INFOPLIST_FILE = HCXYXBookUITests/Info.plist;
				LD_RUNPATH_SEARCH_PATHS = "$(inherited) @executable_path/Frameworks @loader_path/Frameworks";
				PRODUCT_BUNDLE_IDENTIFIER = com.ioslearning.swift.HCXYXBookUITests;
				PRODUCT_NAME = "$(TARGET_NAME)";
				TEST_TARGET_NAME = HCXYXBook;
			};
			name = Release;
		};
/* End XCBuildConfiguration section */

/* Begin XCConfigurationList section */
		2445C6FE1CCB783B000906D5 /* Build configuration list for PBXProject "HCXYXBook" */ = {
			isa = XCConfigurationList;
			buildConfigurations = (
				2445C7291CCB783C000906D5 /* Debug */,
				2445C72A1CCB783C000906D5 /* Release */,
			);
			defaultConfigurationIsVisible = 0;
			defaultConfigurationName = Release;
		};
		2445C72B1CCB783C000906D5 /* Build configuration list for PBXNativeTarget "HCXYXBook" */ = {
			isa = XCConfigurationList;
			buildConfigurations = (
				2445C72C1CCB783C000906D5 /* Debug */,
				2445C72D1CCB783C000906D5 /* Release */,
			);
			defaultConfigurationIsVisible = 0;
		};
		2445C72E1CCB783C000906D5 /* Build configuration list for PBXNativeTarget "HCXYXBookTests" */ = {
			isa = XCConfigurationList;
			buildConfigurations = (
				2445C72F1CCB783C000906D5 /* Debug */,
				2445C7301CCB783C000906D5 /* Release */,
			);
			defaultConfigurationIsVisible = 0;
		};
		2445C7311CCB783C000906D5 /* Build configuration list for PBXNativeTarget "HCXYXBookUITests" */ = {
			isa = XCConfigurationList;
			buildConfigurations = (
				2445C7321CCB783C000906D5 /* Debug */,
				2445C7331CCB783C000906D5 /* Release */,
			);
			defaultConfigurationIsVisible = 0;
		};
/* End XCConfigurationList section */
	};
	rootObject = 2445C6FB1CCB783B000906D5 /* Project object */;
}
